<?xml version="1.0" encoding="utf-8"?>
<Project ToolsVersion="4.0" xmlns="http://schemas.microsoft.com/developer/msbuild/2003">
  <ItemGroup>
    <Filter Include="Source Files">
      <UniqueIdentifier>{4FC737F1-C7A5-4376-A066-2A32D752A2FF}</UniqueIdentifier>
      <Extensions>cpp;c;cc;cxx;def;odl;idl;hpj;bat;asm;asmx</Extensions>
    </Filter>
    <Filter Include="Header Files">
      <UniqueIdentifier>{93995380-89BD-4b04-88EB-625FBE52EBFB}</UniqueIdentifier>
      <Extensions>h;hh;hpp;hxx;hm;inl;inc;xsd</Extensions>
    </Filter>
    <Filter Include="Resource Files">
      <UniqueIdentifier>{67DA6AB6-F800-4c08-8B7A-83BB121AAD01}</UniqueIdentifier>
      <Extensions>rc;ico;cur;bmp;dlg;rc2;rct;bin;rgs;gif;jpg;jpeg;jpe;resx;tiff;tif;png;wav;mfcribbon-ms</Extensions>
    </Filter>
  </ItemGroup>
  <ItemGroup>
    <ClCompile Include="AbstractGrader.cpp">
      <Filter>Source Files</Filter>
    </ClCompile>
    <ClCompile Include="AvlNode.cpp">
      <Filter>Source Files</Filter>
    </ClCompile>
    <ClCompile Include="AvlTree.cpp">
      <Filter>Source Files</Filter>
    </ClCompile>
    <ClCompile Include="Commands04.cpp">
      <Filter>Source Files</Filter>
    </ClCompile>
    <ClCompile Include="Date.cpp">
      <Filter>Source Files</Filter>
    </ClCompile>
    <ClCompile Include="Factory04.cpp">
      <Filter>Source Files</Filter>
    </ClCompile>
    <ClCompile Include="Grader04.cpp">
      <Filter>Source Files</Filter>
    </ClCompile>
    <ClCompile Include="main.cpp">
      <Filter>Source Files</Filter>
    </ClCompile>
    <ClCompile Include="ObjectFactory.cpp">
      <Filter>Source Files</Filter>
    </ClCompile>
    <ClCompile Include="Random.cpp">
      <Filter>Source Files</Filter>
    </ClCompile>
    <ClCompile Include="Stopwatch.cpp">
      <Filter>Source Files</Filter>
    </ClCompile>
    <ClCompile Include="UnixStopwatch.cpp">
      <Filter>Source Files</Filter>
    </ClCompile>
    <ClCompile Include="WindowsStopwatch.cpp">
      <Filter>Source Files</Filter>
    </ClCompile>
    <ClCompile Include="BTree.cpp">
      <Filter>Source Files</Filter>
    </ClCompile>
    <ClCompile Include="BTreeNode.cpp">
      <Filter>Source Files</Filter>
    </ClCompile>
  </ItemGroup>
  <ItemGroup>
    <ClInclude Include="AbstractGrader.h">
      <Filter>Header Files</Filter>
    </ClInclude>
    <ClInclude Include="AvlNode.h">
      <Filter>Header Files</Filter>
    </ClInclude>
    <ClInclude Include="AvlTree.h">
      <Filter>Header Files</Filter>
    </ClInclude>
    <ClInclude Include="Commands04.h">
      <Filter>Header Files</Filter>
    </ClInclude>
    <ClInclude Include="Date.h">
      <Filter>Header Files</Filter>
    </ClInclude>
    <ClInclude Include="Factory04.h">
      <Filter>Header Files</Filter>
    </ClInclude>
    <ClInclude Include="Grader04.h">
      <Filter>Header Files</Filter>
    </ClInclude>
    <ClInclude Include="Interfaces02.h">
      <Filter>Header Files</Filter>
    </ClInclude>
    <ClInclude Include="Interfaces04.h">
      <Filter>Header Files</Filter>
    </ClInclude>
    <ClInclude Include="ObjectFactory.h">
      <Filter>Header Files</Filter>
    </ClInclude>
    <ClInclude Include="Random.h">
      <Filter>Header Files</Filter>
    </ClInclude>
    <ClInclude Include="Stopwatch.h">
      <Filter>Header Files</Filter>
    </ClInclude>
    <ClInclude Include="TestCase.h">
      <Filter>Header Files</Filter>
    </ClInclude>
    <ClInclude Include="UnixStopwatch.h">
      <Filter>Header Files</Filter>
    </ClInclude>
    <ClInclude Include="vector.h">
      <Filter>Header Files</Filter>
    </ClInclude>
    <ClInclude Include="WindowsStopwatch.h">
      <Filter>Header Files</Filter>
    </ClInclude>
    <ClInclude Include="BTree.h">
      <Filter>Header Files</Filter>
    </ClInclude>
    <ClInclude Include="BTreeNode.h">
      <Filter>Header Files</Filter>
    </ClInclude>
  </ItemGroup>
  <ItemGroup>
    <None Include="avl_cmds_1.bin">
      <Filter>Resource Files</Filter>
    </None>
    <None Include="avl_cmds_2.bin">
      <Filter>Resource Files</Filter>
    </None>
    <None Include="avl_cmds_3.bin">
      <Filter>Resource Files</Filter>
    </None>
    <None Include="avl_cmds_4.bin">
      <Filter>Resource Files</Filter>
    </None>
    <None Include="avl_cmds_5.bin">
      <Filter>Resource Files</Filter>
    </None>
    <None Include="avl_cmds_6.bin">
      <Filter>Resource Files</Filter>
    </None>
    <None Include="avl_cmds_7.bin">
      <Filter>Resource Files</Filter>
    </None>
    <None Include="avl_cmds_8.bin">
      <Filter>Resource Files</Filter>
    </None>
    <None Include="avl_cmds_9.bin">
      <Filter>Resource Files</Filter>
    </None>
    <None Include="avl_cmds_10.bin">
      <Filter>Resource Files</Filter>
    </None>
    <None Include="btree_cmds_1.bin">
      <Filter>Resource Files</Filter>
    </None>
    <None Include="btree_cmds_2.bin">
      <Filter>Resource Files</Filter>
    </None>
    <None Include="btree_cmds_3.bin">
      <Filter>Resource Files</Filter>
    </None>
    <None Include="btree_cmds_4.bin">
      <Filter>Resource Files</Filter>
    </None>
    <None Include="btree_cmds_5.bin">
      <Filter>Resource Files</Filter>
    </None>
    <None Include="btree_cmds_6.bin">
      <Filter>Resource Files</Filter>
    </None>
    <None Include="btree_cmds_7.bin">
      <Filter>Resource Files</Filter>
    </None>
    <None Include="btree_cmds_8.bin">
      <Filter>Resource Files</Filter>
    </None>
    <None Include="btree_cmds_9.bin">
      <Filter>Resource Files</Filter>
    </None>
    <None Include="btree_cmds_10.bin">
      <Filter>Resource Files</Filter>
    </None>
    <None Include="rtree_cmds_1.bin">
      <Filter>Resource Files</Filter>
    </None>
    <None Include="rtree_cmds_2.bin">
      <Filter>Resource Files</Filter>
    </None>
    <None Include="rtree_cmds_3.bin">
      <Filter>Resource Files</Filter>
    </None>
    <None Include="rtree_cmds_4.bin">
      <Filter>Resource Files</Filter>
    </None>
    <None Include="rtree_points_1.bin">
      <Filter>Resource Files</Filter>
    </None>
    <None Include="rtree_points_2.bin">
      <Filter>Resource Files</Filter>
    </None>
    <None Include="rtree_points_3.bin">
      <Filter>Resource Files</Filter>
    </None>
    <None Include="rtree_points_4.bin">
      <Filter>Resource Files</Filter>
    </None>
    <None Include="rtree_sorted_points_1.bin">
      <Filter>Resource Files</Filter>
    </None>
    <None Include="rtree_sorted_points_2.bin">
      <Filter>Resource Files</Filter>
    </None>
    <None Include="rtree_sorted_points_3.bin">
      <Filter>Resource Files</Filter>
    </None>
    <None Include="rtree_sorted_points_4.bin">
      <Filter>Resource Files</Filter>
    </None>
  </ItemGroup>
  <ItemGroup>
    <Text Include="output.txt" />
  </ItemGroup>
</Project>